<?xml version="1.0" encoding="utf-8"?>
<Project ToolsVersion="4.0" xmlns="http://schemas.microsoft.com/developer/msbuild/2003">
  <ItemGroup>
    <Filter Include="源文件">
      <UniqueIdentifier>{4FC737F1-C7A5-4376-A066-2A32D752A2FF}</UniqueIdentifier>
      <Extensions>cpp;c;cc;cxx;c++;cppm;ixx;def;odl;idl;hpj;bat;asm;asmx</Extensions>
    </Filter>
    <Filter Include="头文件">
      <UniqueIdentifier>{93995380-89BD-4b04-88EB-625FBE52EBFB}</UniqueIdentifier>
      <Extensions>h;hh;hpp;hxx;h++;hm;inl;inc;ipp;xsd</Extensions>
    </Filter>
    <Filter Include="资源文件">
      <UniqueIdentifier>{67DA6AB6-F800-4c08-8B7A-83BB121AAD01}</UniqueIdentifier>
      <Extensions>rc;ico;cur;bmp;dlg;rc2;rct;bin;rgs;gif;jpg;jpeg;jpe;resx;tiff;tif;png;wav;mfcribbon-ms</Extensions>
    </Filter>
  </ItemGroup>
  <ItemGroup>
    <ClCompile Include="..\..\❤.cpp">
      <Filter>源文件</Filter>
    </ClCompile>
    <ClCompile Include="..\..\C语言\C语言--ASCII码.cpp">
      <Filter>源文件</Filter>
    </ClCompile>
    <ClCompile Include="..\..\C语言\C语言--break语句.cpp">
      <Filter>源文件</Filter>
    </ClCompile>
    <ClCompile Include="..\..\C语言\C语言--continue语句.cpp">
      <Filter>源文件</Filter>
    </ClCompile>
    <ClCompile Include="..\..\C语言\C语言--do-while循环.cpp">
      <Filter>源文件</Filter>
    </ClCompile>
    <ClCompile Include="..\..\C语言\C语言--for循环.cpp">
      <Filter>源文件</Filter>
    </ClCompile>
    <ClCompile Include="..\..\C语言\C语言--for循环9.9乘法表.cpp">
      <Filter>源文件</Filter>
    </ClCompile>
    <ClCompile Include="..\..\C语言\C语言--for循环水仙花数.cpp">
      <Filter>源文件</Filter>
    </ClCompile>
    <ClCompile Include="..\..\C语言\C语言--goto语句.cpp">
      <Filter>源文件</Filter>
    </ClCompile>
    <ClCompile Include="..\..\C语言\C语言--if-else判断平年闰年.cpp">
      <Filter>源文件</Filter>
    </ClCompile>
    <ClCompile Include="..\..\C语言\C语言--if-else嵌套.cpp">
      <Filter>源文件</Filter>
    </ClCompile>
    <ClCompile Include="..\..\C语言\C语言--if-else语句.cpp">
      <Filter>源文件</Filter>
    </ClCompile>
    <ClCompile Include="..\..\C语言\C语言--if语句.cpp">
      <Filter>源文件</Filter>
    </ClCompile>
    <ClCompile Include="..\..\C语言\C语言--strcpy字符串拷贝.c">
      <Filter>源文件</Filter>
    </ClCompile>
    <ClCompile Include="..\..\C语言\C语言--switch语句.cpp">
      <Filter>源文件</Filter>
    </ClCompile>
    <ClCompile Include="..\..\C语言\C语言--while循环.cpp">
      <Filter>源文件</Filter>
    </ClCompile>
    <ClCompile Include="..\..\C语言\C语言--变量存储类别.cpp">
      <Filter>源文件</Filter>
    </ClCompile>
    <ClCompile Include="..\..\C语言\C语言--变量存储类别static.cpp">
      <Filter>源文件</Filter>
    </ClCompile>
    <ClCompile Include="..\..\C语言\C语言--标识符.cpp">
      <Filter>源文件</Filter>
    </ClCompile>
    <ClCompile Include="..\..\C语言\C语言--参数练习.cpp">
      <Filter>源文件</Filter>
    </ClCompile>
    <ClCompile Include="..\..\C语言\C语言--常量.cpp">
      <Filter>源文件</Filter>
    </ClCompile>
    <ClCompile Include="..\..\C语言\C语言--递归函数.cpp">
      <Filter>源文件</Filter>
    </ClCompile>
    <ClCompile Include="..\..\C语言\C语言--递归函数二.cpp">
      <Filter>源文件</Filter>
    </ClCompile>
    <ClCompile Include="..\..\C语言\C语言--递归函数一.cpp">
      <Filter>源文件</Filter>
    </ClCompile>
    <ClCompile Include="..\..\C语言\C语言--对角线元素之和.c">
      <Filter>源文件</Filter>
    </ClCompile>
    <ClCompile Include="..\..\C语言\C语言--多维数组.c">
      <Filter>源文件</Filter>
    </ClCompile>
    <ClCompile Include="..\..\C语言\C语言多维数组遍历.c">
      <Filter>源文件</Filter>
    </ClCompile>
    <ClCompile Include="..\..\C语言\C语言--赋值运算符.cpp">
      <Filter>源文件</Filter>
    </ClCompile>
    <ClCompile Include="..\..\C语言\C语言--格式化输入输出.cpp">
      <Filter>源文件</Filter>
    </ClCompile>
    <ClCompile Include="..\..\C语言\C语言--关系运算符.cpp">
      <Filter>源文件</Filter>
    </ClCompile>
    <ClCompile Include="..\..\C语言\C语言--函数的返回值.cpp">
      <Filter>源文件</Filter>
    </ClCompile>
    <ClCompile Include="..\..\C语言\C语言--行走的小人.cpp">
      <Filter>源文件</Filter>
    </ClCompile>
    <ClCompile Include="..\..\C语言\C语言--基本数据类型.cpp">
      <Filter>源文件</Filter>
    </ClCompile>
    <ClCompile Include="..\..\C语言\C语言--阶乘.cpp">
      <Filter>源文件</Filter>
    </ClCompile>
    <ClCompile Include="..\..\C语言\C语言--局部与全部.cpp">
      <Filter>源文件</Filter>
    </ClCompile>
    <ClCompile Include="..\..\C语言\C语言局部与全局一.cpp">
      <Filter>源文件</Filter>
    </ClCompile>
    <ClCompile Include="..\..\C语言\C语言--练习题.c">
      <Filter>源文件</Filter>
    </ClCompile>
    <ClCompile Include="..\..\C语言\C语言--逻辑运算符.cpp">
      <Filter>源文件</Filter>
    </ClCompile>
    <ClCompile Include="..\..\C语言\C语言--冒泡排序（二）.c">
      <Filter>源文件</Filter>
    </ClCompile>
    <ClCompile Include="..\..\C语言\C语言--冒泡排序（一）.c">
      <Filter>源文件</Filter>
    </ClCompile>
    <ClCompile Include="..\..\C语言\C语言--内部函数与外部函数.cpp">
      <Filter>源文件</Filter>
    </ClCompile>
    <ClCompile Include="..\..\C语言\C语言--判断日期.cpp">
      <Filter>源文件</Filter>
    </ClCompile>
    <ClCompile Include="..\..\C语言\C语言--强制类型转换.cpp">
      <Filter>源文件</Filter>
    </ClCompile>
    <ClCompile Include="..\..\C语言\C语言--三目运算符.cpp">
      <Filter>源文件</Filter>
    </ClCompile>
    <ClCompile Include="..\..\C语言\C语言--数据查找（二）.c">
      <Filter>源文件</Filter>
    </ClCompile>
    <ClCompile Include="..\..\C语言\C语言--数组.c">
      <Filter>源文件</Filter>
    </ClCompile>
    <ClCompile Include="..\..\C语言\C语言--数组遍历.c">
      <Filter>源文件</Filter>
    </ClCompile>
    <ClCompile Include="..\..\C语言\C语言--数组查找.c">
      <Filter>源文件</Filter>
    </ClCompile>
    <ClCompile Include="..\..\C语言\C语言--数组元素作参数.c">
      <Filter>源文件</Filter>
    </ClCompile>
    <ClCompile Include="..\..\C语言\C语言--数组作函数参数.c">
      <Filter>源文件</Filter>
    </ClCompile>
    <ClCompile Include="..\..\C语言\C语言--数组作为函数参数2.c">
      <Filter>源文件</Filter>
    </ClCompile>
    <ClCompile Include="..\..\C语言\C语言--双重循环输出三角形.cpp">
      <Filter>源文件</Filter>
    </ClCompile>
    <ClCompile Include="..\..\C语言\C语言--双重循环输出正三角形.cpp">
      <Filter>源文件</Filter>
    </ClCompile>
    <ClCompile Include="..\..\C语言\C语言--算术优先级.cpp">
      <Filter>源文件</Filter>
    </ClCompile>
    <ClCompile Include="..\..\C语言\C语言--形参与实参.cpp">
      <Filter>源文件</Filter>
    </ClCompile>
    <ClCompile Include="..\..\C语言\C语言--循环比较.cpp">
      <Filter>源文件</Filter>
    </ClCompile>
    <ClCompile Include="..\..\C语言\C语言--有参与无参函数.cpp">
      <Filter>源文件</Filter>
    </ClCompile>
    <ClCompile Include="..\..\C语言\C语言--主函数.cpp">
      <Filter>源文件</Filter>
    </ClCompile>
    <ClCompile Include="..\..\C语言\C语言--自创函数+函数调用.cpp">
      <Filter>源文件</Filter>
    </ClCompile>
    <ClCompile Include="..\..\C语言\C语言--自创函数练习.c">
      <Filter>源文件</Filter>
    </ClCompile>
    <ClCompile Include="..\..\C语言\C语言--自动类型转换.cpp">
      <Filter>源文件</Filter>
    </ClCompile>
    <ClCompile Include="..\..\C语言\C语言--自增自减.cpp">
      <Filter>源文件</Filter>
    </ClCompile>
    <ClCompile Include="..\..\C语言\C语言--字符串函数.c">
      <Filter>源文件</Filter>
    </ClCompile>
    <ClCompile Include="..\..\C语言\C语言--字符串与数组（二）.cpp">
      <Filter>源文件</Filter>
    </ClCompile>
    <ClCompile Include="..\..\C语言\C语言--字符串与数组.c">
      <Filter>源文件</Filter>
    </ClCompile>
  </ItemGroup>
</Project>